
Microsoft Visual Studio Solution File, Format Version 12.00
# Visual Studio 2013
VisualStudioVersion = 12.0.30723.0
MinimumVisualStudioVersion = 10.0.40219.1
Project("{FAE04EC0-301F-11D3-BF4B-00C04F79EFBC}") = "PetQuest2", "PetQuest2\PetQuest2.csproj", "{B6C6409D-064E-4E6D-B7CA-F0926919D46B}"
EndProject
Project("{FAE04EC0-301F-11D3-BF4B-00C04F79EFBC}") = "PetQuest2.Tests", "PetQuestTest\PetQuest2.Tests.csproj", "{D19EBAB7-4CCE-4539-B580-5C17001DB336}"
EndProject
Global
	GlobalSection(SolutionConfigurationPlatforms) = preSolution
		Debug|Any CPU = Debug|Any CPU
		Release|Any CPU = Release|Any CPU
	EndGlobalSection
	GlobalSection(ProjectConfigurationPlatforms) = postSolution
		{B6C6409D-064E-4E6D-B7CA-F0926919D46B}.Debug|Any CPU.ActiveCfg = Debug|Any CPU
		{B6C6409D-064E-4E6D-B7CA-F0926919D46B}.Debug|Any CPU.Build.0 = Debug|Any CPU
		{B6C6409D-064E-4E6D-B7CA-F0926919D46B}.Release|Any CPU.ActiveCfg = Release|Any CPU
		{B6C6409D-064E-4E6D-B7CA-F0926919D46B}.Release|Any CPU.Build.0 = Release|Any CPU
		{D19EBAB7-4CCE-4539-B580-5C17001DB336}.Debug|Any CPU.ActiveCfg = Debug|Any CPU
		{D19EBAB7-4CCE-4539-B580-5C17001DB336}.Debug|Any CPU.Build.0 = Debug|Any CPU
		{D19EBAB7-4CCE-4539-B580-5C17001DB336}.Release|Any CPU.ActiveCfg = Release|Any CPU
		{D19EBAB7-4CCE-4539-B580-5C17001DB336}.Release|Any CPU.Build.0 = Release|Any CPU
	EndGlobalSection
	GlobalSection(SolutionProperties) = preSolution
		HideSolutionNode = FALSE
	EndGlobalSection
EndGlobal
